
Microsoft Visual Studio Solution File, Format Version 12.00
# Visual Studio Version 17
VisualStudioVersion = 17.9.34902.65
MinimumVisualStudioVersion = 10.0.40219.1
Project("{FAE04EC0-301F-11D3-BF4B-00C04F79EFBC}") = "DashWard", "DashWard.csproj", "{41CBAAAC-0C34-401D-936F-630A9D329940}"
EndProject
Global
	GlobalSection(SolutionConfigurationPlatforms) = preSolution
		Debug|Any CPU = Debug|Any CPU
		Release|Any CPU = Release|Any CPU
	EndGlobalSection
	GlobalSection(ProjectConfigurationPlatforms) = postSolution
		{41CBAAAC-0C34-401D-936F-630A9D329940}.Debug|Any CPU.ActiveCfg = Debug|Any CPU
		{41CBAAAC-0C34-401D-936F-630A9D329940}.Debug|Any CPU.Build.0 = Debug|Any CPU
		{41CBAAAC-0C34-401D-936F-630A9D329940}.Release|Any CPU.ActiveCfg = Release|Any CPU
		{41CBAAAC-0C34-401D-936F-630A9D329940}.Release|Any CPU.Build.0 = Release|Any CPU
	EndGlobalSection
	GlobalSection(SolutionProperties) = preSolution
		HideSolutionNode = FALSE
	EndGlobalSection
	GlobalSection(ExtensibilityGlobals) = postSolution
		SolutionGuid = {57A41FF4-4BD2-4F0F-8405-254D5B375F78}
	EndGlobalSection
EndGlobal
